// !$*UTF8*$!
{
	archiveVersion = 1;
	classes = {
	};
	objectVersion = 46;
	objects = {

/* Begin PBXBuildFile section */
		DEC7856C1E95E1A600D7A489 /* AppDelegate.swift in Sources */ = {isa = PBXBuildFile; fileRef = DEC7856B1E95E1A600D7A489 /* AppDelegate.swift */; };
		DEC7856E1E95E1A600D7A489 /* ViewController.swift in Sources */ = {isa = PBXBuildFile; fileRef = DEC7856D1E95E1A600D7A489 /* ViewController.swift */; };
		DEC785711E95E1A600D7A489 /* Main.storyboard in Resources */ = {isa = PBXBuildFile; fileRef = DEC7856F1E95E1A600D7A489 /* Main.storyboard */; };
		DEC785731E95E1A600D7A489 /* Assets.xcassets in Resources */ = {isa = PBXBuildFile; fileRef = DEC785721E95E1A600D7A489 /* Assets.xcassets */; };
		DEC785761E95E1A600D7A489 /* LaunchScreen.storyboard in Resources */ = {isa = PBXBuildFile; fileRef = DEC785741E95E1A600D7A489 /* LaunchScreen.storyboard */; };
		DEC785801E95E1B800D7A489 /* board.png in Resources */ = {isa = PBXBuildFile; fileRef = DEC7857D1E95E1B800D7A489 /* board.png */; };
		DEC785811E95E1B800D7A489 /* cross.png in Resources */ = {isa = PBXBuildFile; fileRef = DEC7857E1E95E1B800D7A489 /* cross.png */; };
		DEC785821E95E1B800D7A489 /* nought.png in Resources */ = {isa = PBXBuildFile; fileRef = DEC7857F1E95E1B800D7A489 /* nought.png */; };
/* End PBXBuildFile section */

/* Begin PBXFileReference section */
		DEC785681E95E1A600D7A489 /* ticTacToe.app */ = {isa = PBXFileReference; explicitFileType = wrapper.application; includeInIndex = 0; path = ticTacToe.app; sourceTree = BUILT_PRODUCTS_DIR; };
		DEC7856B1E95E1A600D7A489 /* AppDelegate.swift */ = {isa = PBXFileReference; lastKnownFileType = sourcecode.swift; path = AppDelegate.swift; sourceTree = "<group>"; };
		DEC7856D1E95E1A600D7A489 /* ViewController.swift */ = {isa = PBXFileReference; lastKnownFileType = sourcecode.swift; path = ViewController.swift; sourceTree = "<group>"; };
		DEC785701E95E1A600D7A489 /* Base */ = {isa = PBXFileReference; lastKnownFileType = file.storyboard; name = Base; path = Base.lproj/Main.storyboard; sourceTree = "<group>"; };
		DEC785721E95E1A600D7A489 /* Assets.xcassets */ = {isa = PBXFileReference; lastKnownFileType = folder.assetcatalog; path = Assets.xcassets; sourceTree = "<group>"; };
		DEC785751E95E1A600D7A489 /* Base */ = {isa = PBXFileReference; lastKnownFileType = file.storyboard; name = Base; path = Base.lproj/LaunchScreen.storyboard; sourceTree = "<group>"; };
		DEC785771E95E1A600D7A489 /* Info.plist */ = {isa = PBXFileReference; lastKnownFileType = text.plist.xml; path = Info.plist; sourceTree = "<group>"; };
		DEC7857D1E95E1B800D7A489 /* board.png */ = {isa = PBXFileReference; lastKnownFileType = image.png; path = board.png; sourceTree = "<group>"; };
		DEC7857E1E95E1B800D7A489 /* cross.png */ = {isa = PBXFileReference; lastKnownFileType = image.png; path = cross.png; sourceTree = "<group>"; };
		DEC7857F1E95E1B800D7A489 /* nought.png */ = {isa = PBXFileReference; lastKnownFileType = image.png; path = nought.png; sourceTree = "<group>"; };
/* End PBXFileReference section */

/* Begin PBXFrameworksBuildPhase section */
		DEC785651E95E1A600D7A489 /* Frameworks */ = {
			isa = PBXFrameworksBuildPhase;
			buildActionMask = 2147483647;
			files = (
			);
			runOnlyForDeploymentPostprocessing = 0;
		};
/* End PBXFrameworksBuildPhase section */

/* Begin PBXGroup section */
		DEC7855F1E95E1A600D7A489 = {
			isa = PBXGroup;
			children = (
				DEC7856A1E95E1A600D7A489 /* ticTacToe */,
				DEC785691E95E1A600D7A489 /* Products */,
			);
			sourceTree = "<group>";
		};
		DEC785691E95E1A600D7A489 /* Products */ = {
			isa = PBXGroup;
			children = (
				DEC785681E95E1A600D7A489 /* ticTacToe.app */,
			);
			name = Products;
			sourceTree = "<group>";
		};
		DEC7856A1E95E1A600D7A489 /* ticTacToe */ = {
			isa = PBXGroup;
			children = (
				DEC7856B1E95E1A600D7A489 /* AppDelegate.swift */,
				DEC7856D1E95E1A600D7A489 /* ViewController.swift */,
				DEC7856F1E95E1A600D7A489 /* Main.storyboard */,
				DEC785721E95E1A600D7A489 /* Assets.xcassets */,
				DEC7857D1E95E1B800D7A489 /* board.png */,
				DEC7857E1E95E1B800D7A489 /* cross.png */,
				DEC7857F1E95E1B800D7A489 /* nought.png */,
				DEC785741E95E1A600D7A489 /* LaunchScreen.storyboard */,
				DEC785771E95E1A600D7A489 /* Info.plist */,
			);
			path = ticTacToe;
			sourceTree = "<group>";
		};
/* End PBXGroup section */

/* Begin PBXNativeTarget section */
		DEC785671E95E1A600D7A489 /* ticTacToe */ = {
			isa = PBXNativeTarget;
			buildConfigurationList = DEC7857A1E95E1A600D7A489 /* Build configuration list for PBXNativeTarget "ticTacToe" */;
			buildPhases = (
				DEC785641E95E1A600D7A489 /* Sources */,
				DEC785651E95E1A600D7A489 /* Frameworks */,
				DEC785661E95E1A600D7A489 /* Resources */,
			);
			buildRules = (
			);
			dependencies = (
			);
			name = ticTacToe;
			productName = ticTacToe;
			productReference = DEC785681E95E1A600D7A489 /* ticTacToe.app */;
			productType = "com.apple.product-type.application";
		};
/* End PBXNativeTarget section */

/* Begin PBXProject section */
		DEC785601E95E1A600D7A489 /* Project object */ = {
			isa = PBXProject;
			attributes = {
				LastSwiftUpdateCheck = 0830;
				LastUpgradeCheck = 0830;
				ORGANIZATIONNAME = "Dumb Unicorn";
				TargetAttributes = {
					DEC785671E95E1A600D7A489 = {
						CreatedOnToolsVersion = 8.3;
						DevelopmentTeam = 42ESUZ8BZJ;
						ProvisioningStyle = Automatic;
					};
				};
			};
			buildConfigurationList = DEC785631E95E1A600D7A489 /* Build configuration list for PBXProject "ticTacToe" */;
			compatibilityVersion = "Xcode 3.2";
			developmentRegion = English;
			hasScannedForEncodings = 0;
			knownRegions = (
				en,
				Base,
			);
			mainGroup = DEC7855F1E95E1A600D7A489;
			productRefGroup = DEC785691E95E1A600D7A489 /* Products */;
			projectDirPath = "";
			projectRoot = "";
			targets = (
				DEC785671E95E1A600D7A489 /* ticTacToe */,
			);
		};
/* End PBXProject section */

/* Begin PBXResourcesBuildPhase section */
		DEC785661E95E1A600D7A489 /* Resources */ = {
			isa = PBXResourcesBuildPhase;
			buildActionMask = 2147483647;
			files = (
				DEC785811E95E1B800D7A489 /* cross.png in Resources */,
				DEC785801E95E1B800D7A489 /* board.png in Resources */,
				DEC785821E95E1B800D7A489 /* nought.png in Resources */,
				DEC785761E95E1A600D7A489 /* LaunchScreen.storyboard in Resources */,
				DEC785731E95E1A600D7A489 /* Assets.xcassets in Resources */,
				DEC785711E95E1A600D7A489 /* Main.storyboard in Resources */,
			);
			runOnlyForDeploymentPostprocessing = 0;
		};
/* End PBXResourcesBuildPhase section */

/* Begin PBXSourcesBuildPhase section */
		DEC785641E95E1A600D7A489 /* Sources */ = {
			isa = PBXSourcesBuildPhase;
			buildActionMask = 2147483647;
			files = (
				DEC7856E1E95E1A600D7A489 /* ViewController.swift in Sources */,
				DEC7856C1E95E1A600D7A489 /* AppDelegate.swift in Sources */,
			);
			runOnlyForDeploymentPostprocessing = 0;
		};
/* End PBXSourcesBuildPhase section */

/* Begin PBXVariantGroup section */
		DEC7856F1E95E1A600D7A489 /* Main.storyboard */ = {
			isa = PBXVariantGroup;
			children = (
				DEC785701E95E1A600D7A489 /* Base */,
			);
			name = Main.storyboard;
			sourceTree = "<group>";
		};
		DEC785741E95E1A600D7A489 /* LaunchScreen.storyboard */ = {
			isa = PBXVariantGroup;
			children = (
				DEC785751E95E1A600D7A489 /* Base */,
			);
			name = LaunchScreen.storyboard;
			sourceTree = "<group>";
		};
/* End PBXVariantGroup section */

/* Begin XCBuildConfiguration section */
		DEC785781E95E1A600D7A489 /* Debug */ = {
			isa = XCBuildConfiguration;
			buildSettings = {
				ALWAYS_SEARCH_USER_PATHS = NO;
				CLANG_ANALYZER_NONNULL = YES;
				CLANG_ANALYZER_NUMBER_OBJECT_CONVERSION = YES_AGGRESSIVE;
				CLANG_CXX_LANGUAGE_STANDARD = "gnu++0x";
				CLANG_CXX_LIBRARY = "libc++";
				CLANG_ENABLE_MODULES = YES;
				CLANG_ENABLE_OBJC_ARC = YES;
				CLANG_WARN_BOOL_CONVERSION = YES;
				CLANG_WARN_CONSTANT_CONVERSION = YES;
				CLANG_WARN_DIRECT_OBJC_ISA_USAGE = YES_ERROR;
				CLANG_WARN_DOCUMENTATION_COMMENTS = YES;
				CLANG_WARN_EMPTY_BODY = YES;
				CLANG_WARN_ENUM_CONVERSION = YES;
				CLANG_WARN_INFINITE_RECURSION = YES;
				CLANG_WARN_INT_CONVERSION = YES;
				CLANG_WARN_OBJC_ROOT_CLASS = YES_ERROR;
				CLANG_WARN_SUSPICIOUS_MOVE = YES;
				CLANG_WARN_UNREACHABLE_CODE = YES;
				CLANG_WARN__DUPLICATE_METHOD_MATCH = YES;
				"CODE_SIGN_IDENTITY[sdk=iphoneos*]" = "iPhone Developer";
				COPY_PHASE_STRIP = NO;
				DEBUG_INFORMATION_FORMAT = dwarf;
				ENABLE_STRICT_OBJC_MSGSEND = YES;
				ENABLE_TESTABILITY = YES;
				GCC_C_LANGUAGE_STANDARD = gnu99;
				GCC_DYNAMIC_NO_PIC = NO;
				GCC_NO_COMMON_BLOCKS = YES;
				GCC_OPTIMIZATION_LEVEL = 0;
				GCC_PREPROCESSOR_DEFINITIONS = (
					"DEBUG=1",
					"$(inherited)",
				);
				GCC_WARN_64_TO_32_BIT_CONVERSION = YES;
				GCC_WARN_ABOUT_RETURN_TYPE = YES_ERROR;
				GCC_WARN_UNDECLARED_SELECTOR = YES;
				GCC_WARN_UNINITIALIZED_AUTOS = YES_AGGRESSIVE;
				GCC_WARN_UNUSED_FUNCTION = YES;
				GCC_WARN_UNUSED_VARIABLE = YES;
				IPHONEOS_DEPLOYMENT_TARGET = 10.3;
				MTL_ENABLE_DEBUG_INFO = YES;
				ONLY_ACTIVE_ARCH = YES;
				SDKROOT = iphoneos;
				SWIFT_ACTIVE_COMPILATION_CONDITIONS = DEBUG;
				SWIFT_OPTIMIZATION_LEVEL = "-Onone";
			};
			name = Debug;
		};
		DEC785791E95E1A600D7A489 /* Release */ = {
			isa = XCBuildConfiguration;
			buildSettings = {
				ALWAYS_SEARCH_USER_PATHS = NO;
				CLANG_ANALYZER_NONNULL = YES;
				CLANG_ANALYZER_NUMBER_OBJECT_CONVERSION = YES_AGGRESSIVE;
				CLANG_CXX_LANGUAGE_STANDARD = "gnu++0x";
				CLANG_CXX_LIBRARY = "libc++";
				CLANG_ENABLE_MODULES = YES;
				CLANG_ENABLE_OBJC_ARC = YES;
				CLANG_WARN_BOOL_CONVERSION = YES;
				CLANG_WARN_CONSTANT_CONVERSION = YES;
				CLANG_WARN_DIRECT_OBJC_ISA_USAGE = YES_ERROR;
				CLANG_WARN_DOCUMENTATION_COMMENTS = YES;
				CLANG_WARN_EMPTY_BODY = YES;
				CLANG_WARN_ENUM_CONVERSION = YES;
				CLANG_WARN_INFINITE_RECURSION = YES;
				CLANG_WARN_INT_CONVERSION = YES;
				CLANG_WARN_OBJC_ROOT_CLASS = YES_ERROR;
				CLANG_WARN_SUSPICIOUS_MOVE = YES;
				CLANG_WARN_UNREACHABLE_CODE = YES;
				CLANG_WARN__DUPLICATE_METHOD_MATCH = YES;
				"CODE_SIGN_IDENTITY[sdk=iphoneos*]" = "iPhone Developer";
				COPY_PHASE_STRIP = NO;
				DEBUG_INFORMATION_FORMAT = "dwarf-with-dsym";
				ENABLE_NS_ASSERTIONS = NO;
				ENABLE_STRICT_OBJC_MSGSEND = YES;
				GCC_C_LANGUAGE_STANDARD = gnu99;
				GCC_NO_COMMON_BLOCKS = YES;
				GCC_WARN_64_TO_32_BIT_CONVERSION = YES;
				GCC_WARN_ABOUT_RETURN_TYPE = YES_ERROR;
				GCC_WARN_UNDECLARED_SELECTOR = YES;
				GCC_WARN_UNINITIALIZED_AUTOS = YES_AGGRESSIVE;
				GCC_WARN_UNUSED_FUNCTION = YES;
				GCC_WARN_UNUSED_VARIABLE = YES;
				IPHONEOS_DEPLOYMENT_TARGET = 10.3;
				MTL_ENABLE_DEBUG_INFO = NO;
				SDKROOT = iphoneos;
				SWIFT_OPTIMIZATION_LEVEL = "-Owholemodule";
				VALIDATE_PRODUCT = YES;
			};
			name = Release;
		};
		DEC7857B1E95E1A600D7A489 /* Debug */ = {
			isa = XCBuildConfiguration;
			buildSettings = {
				ASSETCATALOG_COMPILER_APPICON_NAME = AppIcon;
				DEVELOPMENT_TEAM = 42ESUZ8BZJ;
				INFOPLIST_FILE = ticTacToe/Info.plist;
				LD_RUNPATH_SEARCH_PATHS = "$(inherited) @executable_path/Frameworks";
				PRODUCT_BUNDLE_IDENTIFIER = com.DumbUnicorn.ticTacToe;
				PRODUCT_NAME = "$(TARGET_NAME)";
				SWIFT_VERSION = 3.0;
			};
			name = Debug;
		};
		DEC7857C1E95E1A600D7A489 /* Release */ = {
			isa = XCBuildConfiguration;
			buildSettings = {
				ASSETCATALOG_COMPILER_APPICON_NAME = AppIcon;
				DEVELOPMENT_TEAM = 42ESUZ8BZJ;
				INFOPLIST_FILE = ticTacToe/Info.plist;
				LD_RUNPATH_SEARCH_PATHS = "$(inherited) @executable_path/Frameworks";
				PRODUCT_BUNDLE_IDENTIFIER = com.DumbUnicorn.ticTacToe;
				PRODUCT_NAME = "$(TARGET_NAME)";
				SWIFT_VERSION = 3.0;
			};
			name = Release;
		};
/* End XCBuildConfiguration section */

/* Begin XCConfigurationList section */
		DEC785631E95E1A600D7A489 /* Build configuration list for PBXProject "ticTacToe" */ = {
			isa = XCConfigurationList;
			buildConfigurations = (
				DEC785781E95E1A600D7A489 /* Debug */,
				DEC785791E95E1A600D7A489 /* Release */,
			);
			defaultConfigurationIsVisible = 0;
			defaultConfigurationName = Release;
		};
		DEC7857A1E95E1A600D7A489 /* Build configuration list for PBXNativeTarget "ticTacToe" */ = {
			isa = XCConfigurationList;
			buildConfigurations = (
				DEC7857B1E95E1A600D7A489 /* Debug */,
				DEC7857C1E95E1A600D7A489 /* Release */,
			);
			defaultConfigurationIsVisible = 0;
		};
/* End XCConfigurationList section */
	};
	rootObject = DEC785601E95E1A600D7A489 /* Project object */;
}
